# This lock file was generated by conda-lock (https://github.com/conda-incubator/conda-lock). DO NOT EDIT!
#
# A "lock file" contains a concrete list of package versions (with checksums) to be installed. Unlike
# e.g. `conda env create`, the resulting environment will not change as new package versions become
# available, unless you explicitly update the lock file.
#
# Install this environment as "YOURENV" with:
#     conda-lock install -n YOURENV --file conda-lock.yml
# To update a single package to the latest version compatible with the version constraints in the source:
#     conda-lock lock --lockfile conda-lock.yml --update PACKAGE
# To re-solve the entire environment, e.g. after changing a version constraint in the source file:
#     conda-lock -f environment.yml --lockfile conda-lock.yml
metadata:
  channels:
  - url: defaults
    used_env_vars: []
  - url: conda-forge
    used_env_vars: []
  content_hash:
    linux-64: 93b10ac1ce09d4e12428563e0009bb34b2c3dc2012fdcb224aa790ffbc4644ea
    osx-64: 6de8f01e48106f673286c47f8afa99f4ce71d73ceb9fb35ebf351419336563b1
  platforms:
  - osx-64
  - linux-64
  sources:
  - environment.yml
package:
- category: main
  dependencies: {}
  hash:
    md5: c3473ff8bdb3d124ed5ff11ec380d6f9
    sha256: 476626712f60e5ef0fe04c354727152b1ee5285d57ccd3575c7be930122bd051
  manager: conda
  name: _libgcc_mutex
  optional: false
  platform: linux-64
  url: https://repo.anaconda.com/pkgs/main/linux-64/_libgcc_mutex-0.1-main.conda
  version: '0.1'
- category: main
  dependencies:
    libgcc-ng: '>=7.5.0'
    ncurses: '>=6.3,<7.0a0'
  hash:
    md5: ea33f478fea12406f394944e7e4f3d20
    sha256: ab74641903ecb92f45c392cffe5bbb712208854c6ea20ab86b65dd4dfc1b1beb
  manager: conda
  name: readline
  optional: false
  platform: linux-64
  url: https://repo.anaconda.com/pkgs/main/linux-64/readline-8.1.2-h7f8727e_1.conda
  version: 8.1.2
- category: main
  dependencies:
    __glibc: '>=2.17'
    _libgcc_mutex: '* main'
    _openmp_mutex: '>=4.5'
  hash:
    md5: e9cbabbfb9e8a430f6a7660fe8dd77a7
    sha256: 49a808720a51c107241a42ac3641cce3d8451ef7cfaf3d68b6e4a3fec2da0676
  manager: conda
  name: libgcc-ng
  optional: false
  platform: linux-64
  url: https://repo.anaconda.com/pkgs/main/linux-64/libgcc-ng-9.3.0-h5101ec6_17.conda
  version: 9.3.0
- category: main
  dependencies:
    libgcc-ng: '>=7.3.0'
    libstdcxx-ng: '>=7.3.0'
  hash:
    md5: 88a54b8f50e351c650e16f4ee781440c
    sha256: 2cef7c80db19e83a38b6e02110f0e9828d3ef4045c38791d5b01006c44529093
  manager: conda
  name: libffi
  optional: false
  platform: linux-64
  url: https://repo.anaconda.com/pkgs/main/linux-64/libffi-3.3-he6710b0_2.conda
  version: '3.3'
- category: main
  dependencies:
    libgcc-ng: '>=7.3.0'
  hash:
    md5: 73a16ea8ba890175a1ce94a3a87c8f68
    sha256: 58045af0e1f23ea72b6759c4f5aac3e2fb98da9585758853d09961126d66f9ce
  manager: conda
  name: xz
  optional: false
  platform: linux-64
  url: https://repo.anaconda.com/pkgs/main/linux-64/xz-5.2.5-h7b6447c_0.conda
  version: 5.2.5
- category: main
  dependencies:
    ca-certificates: ''
    libgcc-ng: '>=7.5.0'
  hash:
    md5: 6a628baa5cc1c79c86026c21abfed46d
    sha256: a688204990178637228bdf12f5655460a5bf27746243dc8ea64e470db37e0036
  manager: conda
  name: openssl
  optional: false
  platform: linux-64
  url: https://repo.anaconda.com/pkgs/main/linux-64/openssl-1.1.1n-h7f8727e_0.conda
  version: 1.1.1n
- category: main
  dependencies: {}
  hash:
    md5: 3cd570c3f50a82f01a73f9709076e153
    sha256: 7a869b636a7eda692309881b7dca86f76143c380259020cc8cde851bb9b029e7
  manager: conda
  name: ca-certificates
  optional: false
  platform: linux-64
  url: https://repo.anaconda.com/pkgs/main/linux-64/ca-certificates-2022.3.18-h06a4308_0.conda
  version: 2022.3.18
- category: main
  dependencies:
    _libgcc_mutex: 0.1 main
    libgomp: '>=7.5.0'
  hash:
    md5: 84414b0edb0a36bd7e25fc4936c1abb5
    sha256: 2c269ff2e33d3c158b4744485b7fe11ee132814c55a70b33b3e68d588375d465
  manager: conda
  name: _openmp_mutex
  optional: false
  platform: linux-64
  url: https://repo.anaconda.com/pkgs/main/linux-64/_openmp_mutex-4.5-1_gnu.tar.bz2
  version: '4.5'
- category: main
  dependencies:
    libgcc-ng: '>=7.5.0'
    readline: '>=8.0,<9.0a0'
    zlib: '>=1.2.11,<1.3.0a0'
  hash:
    md5: dfc123f873cc0acf02f74b32aeae7688
    sha256: a89871bf65466ff50a34eccff69056ef9d90f459bd12b23a11eba29b91b95520
  manager: conda
  name: sqlite
  optional: false
  platform: linux-64
  url: https://repo.anaconda.com/pkgs/main/linux-64/sqlite-3.38.0-hc218d9a_0.conda
  version: 3.38.0
- category: main
  dependencies:
    python: '>=3.8,<3.9.0a0'
    python_abi: 3.8.* *_cp38
  hash:
    md5: 54b1a1f2b702a4a9b5528e4fad537ab5
    sha256: 1d1043ed47bbc2bb68c18c53bf8c01f0bfc44ae3b36fb6d0f5313c7bc51f5f80
  manager: conda
  name: pyvcf
  optional: false
  platform: linux-64
  url: https://conda.anaconda.org/conda-forge/linux-64/pyvcf-0.6.8-py38h32f6830_1002.tar.bz2
  version: 0.6.8
- category: main
  dependencies:
    __glibc: '>=2.17'
  hash:
    md5: 47744aca0f5e63c4672d117c3596d937
    sha256: 0cdad3721336fe93f626289dd45e864eb4a0659ff2094670af01e7eacad28d9c
  manager: conda
  name: libstdcxx-ng
  optional: false
  platform: linux-64
  url: https://repo.anaconda.com/pkgs/main/linux-64/libstdcxx-ng-9.3.0-hd4cf53a_17.conda
  version: 9.3.0
- category: main
  dependencies:
    libgcc-ng: '>=7.5.0'
    zlib: '>=1.2.11,<1.3.0a0'
  hash:
    md5: 3a4fa2ce7262dc3e8f082a7c25e7451c
    sha256: 1b36e92b1ab7ca2eeca8888e14ae7cffdf376563596882b2b2139ee3ce4be6d7
  manager: conda
  name: tk
  optional: false
  platform: linux-64
  url: https://repo.anaconda.com/pkgs/main/linux-64/tk-8.6.11-h1ccaba5_0.conda
  version: 8.6.11
- category: main
  dependencies:
    libgcc-ng: '>=7.5.0'
  hash:
    md5: 4edf660a09cc7adcb21120464b2a1783
    sha256: c1a4de3a57e4ed4f2a02b71dc722a0dde18fda80838a7d4aaeaefd834f8fbea2
  manager: conda
  name: ncurses
  optional: false
  platform: linux-64
  url: https://repo.anaconda.com/pkgs/main/linux-64/ncurses-6.3-h7f8727e_2.conda
  version: '6.3'
- category: main
  dependencies:
    ld_impl_linux-64: ''
    libffi: '>=3.3,<3.4.0a0'
    libgcc-ng: '>=7.5.0'
    libstdcxx-ng: '>=7.5.0'
    ncurses: '>=6.2,<7.0a0'
    openssl: '>=1.1.1l,<1.1.2a'
    readline: '>=8.0,<9.0a0'
    sqlite: '>=3.36.0,<4.0a0'
    tk: '>=8.6.11,<8.7.0a0'
    xz: '>=5.2.5,<6.0a0'
    zlib: '>=1.2.11,<1.3.0a0'
  hash:
    md5: c5916b4ce33701bc6fe8ce66adc88ce1
    sha256: a109ec4af2a316bbb53a34d5938476c6c94244805513c1f5efb917c5e64c9e92
  manager: conda
  name: python
  optional: false
  platform: linux-64
  url: https://repo.anaconda.com/pkgs/main/linux-64/python-3.8.12-h12debd9_0.conda
  version: 3.8.12
- category: main
  dependencies: {}
  hash:
    md5: dec20f7c8f9d5f1b293abd97b0f518ed
    sha256: cc5b453d585754bb9d52bac9e2045f32eb0fc43d74ec3eee21e44604cf1a6485
  manager: conda
  name: ld_impl_linux-64
  optional: false
  platform: linux-64
  url: https://repo.anaconda.com/pkgs/main/linux-64/ld_impl_linux-64-2.35.1-h7274673_9.conda
  version: 2.35.1
- category: main
  dependencies:
    libgcc-ng: '>=7.5.0'
  hash:
    md5: c3d3c38e7239061225ee4786558325d8
    sha256: 0af153c7e83ca764700fb2be1cc9e39a7cb6769167f60cb4404c8d6fb16c823c
  manager: conda
  name: zlib
  optional: false
  platform: linux-64
  url: https://repo.anaconda.com/pkgs/main/linux-64/zlib-1.2.11-h7f8727e_4.conda
  version: 1.2.11
- category: main
  dependencies:
    python: 3.8.*
  hash:
    md5: bfbb29d517281e78ac53e48d21e6e860
    sha256: 8535eaa9225ce212f8ed437c4a7341409903a4c005ecb6d36c63af2793b59689
  manager: conda
  name: python_abi
  optional: false
  platform: linux-64
  url: https://conda.anaconda.org/conda-forge/linux-64/python_abi-3.8-2_cp38.tar.bz2
  version: '3.8'
- category: main
  dependencies:
    _libgcc_mutex: 0.1 main
  hash:
    md5: fb19b69bac6d819c7f3d1126b05461e1
    sha256: b53f7b4d5a1a3a3d61ad86b043f91a0ca9ee16b77194021383185d34eb592e56
  manager: conda
  name: libgomp
  optional: false
  platform: linux-64
  url: https://repo.anaconda.com/pkgs/main/linux-64/libgomp-9.3.0-h5101ec6_17.conda
  version: 9.3.0
- category: main
  dependencies: {}
  hash:
    md5: f38610dab0f2b0cb05f1b31f354113c5
    sha256: 9dee96ac92ad020d48245ec07e938ccbd8597622fd16929853d3bcad5bc9f9c7
  manager: conda
  name: xz
  optional: false
  platform: osx-64
  url: https://repo.anaconda.com/pkgs/main/osx-64/xz-5.2.5-h1de35cc_0.conda
  version: 5.2.5
- category: main
  dependencies:
    python: 3.8.*
  hash:
    md5: 156803acb0247c263c9586f190b72f1c
    sha256: dab6aad0a321499739e562edfb710c106f1a62863c11e205beec76493ec4bf59
  manager: conda
  name: python_abi
  optional: false
  platform: osx-64
  url: https://conda.anaconda.org/conda-forge/osx-64/python_abi-3.8-2_cp38.tar.bz2
  version: '3.8'
- category: main
  dependencies: {}
  hash:
    md5: 901ce134535d685fb276c09c88767c1c
    sha256: 1143c2907e7cbf64edddeb07d95f037cd660d50cc15ccbaa280d5649824a1369
  manager: conda
  name: zlib
  optional: false
  platform: osx-64
  url: https://repo.anaconda.com/pkgs/main/osx-64/zlib-1.2.11-h4dc903c_4.conda
  version: 1.2.11
- category: main
  dependencies:
    zlib: '>=1.2.11,<1.3.0a0'
  hash:
    md5: a8755d374028db89036e8a1be2247f9e
    sha256: 3b930bd03188b2db70e94054afd9a6977c543ab80a0e8c548960491fcc731b4c
  manager: conda
  name: tk
  optional: false
  platform: osx-64
  url: https://repo.anaconda.com/pkgs/main/osx-64/tk-8.6.11-h7bc2e8c_0.conda
  version: 8.6.11
- category: main
  dependencies:
    readline: '>=8.0,<9.0a0'
    zlib: '>=1.2.11,<1.3.0a0'
  hash:
    md5: d1c1f3d1dd3de5c779b0ab38264a8f0d
    sha256: 343968d7866cd2014d4ccdb36536615861a7ecb2c5209c5dfd3c1bd2ed4ec5e9
  manager: conda
  name: sqlite
  optional: false
  platform: osx-64
  url: https://repo.anaconda.com/pkgs/main/osx-64/sqlite-3.37.2-h707629a_0.conda
  version: 3.37.2
- category: main
  dependencies: {}
  hash:
    md5: 91e9f915e7c9a5a3432a0a88a9fd142a
    sha256: 59dcfed97a5a946808156507c5b1206e3590f2cc2fd838062c1dc5ad6735bb9d
  manager: conda
  name: ca-certificates
  optional: false
  platform: osx-64
  url: https://repo.anaconda.com/pkgs/main/osx-64/ca-certificates-2022.3.18-hecd8cb5_0.conda
  version: 2022.3.18
- category: main
  dependencies:
    ncurses: '>=6.3,<7.0a0'
  hash:
    md5: c54a6153e7ef82f55e7a0ae2f6749592
    sha256: 4d28e2f21b68935185f98bb44935c02a6d6e137add54efb5d2781ecab5f550ff
  manager: conda
  name: readline
  optional: false
  platform: osx-64
  url: https://repo.anaconda.com/pkgs/main/osx-64/readline-8.1.2-hca72f7f_1.conda
  version: 8.1.2
- category: main
  dependencies:
    libcxx: '>=10.0.0'
  hash:
    md5: 0c959d444ac65555cb836cdbd3e9a2d9
    sha256: f88a2ff020e096f477f0e8297088c33479de2a3362a9aaf05aa910ac1d175175
  manager: conda
  name: libffi
  optional: false
  platform: osx-64
  url: https://repo.anaconda.com/pkgs/main/osx-64/libffi-3.3-hb1e8313_2.conda
  version: '3.3'
- category: main
  dependencies:
    ca-certificates: ''
  hash:
    md5: bc164c37a7706bb3d7e0a43435bcdae7
    sha256: 77375a0610f6742dd43df5fb52974eae2915b10b9dc83e1d011bf53d00fa40a6
  manager: conda
  name: openssl
  optional: false
  platform: osx-64
  url: https://repo.anaconda.com/pkgs/main/osx-64/openssl-1.1.1n-hca72f7f_0.conda
  version: 1.1.1n
- category: main
  dependencies:
    python: '>=3.8,<3.9.0a0'
    python_abi: 3.8.* *_cp38
  hash:
    md5: 588ec511ccba1e3b64fadf21d73c4c06
    sha256: ac5a4c03cfd79ea26bd920027d7d0925e803d6c69567e2103cb9c9a19c644585
  manager: conda
  name: pyvcf
  optional: false
  platform: osx-64
  url: https://conda.anaconda.org/conda-forge/osx-64/pyvcf-0.6.8-py38h32f6830_1002.tar.bz2
  version: 0.6.8
- category: main
  dependencies:
    libcxx: '>=10.0.0'
    libffi: '>=3.3,<3.4.0a0'
    ncurses: '>=6.2,<7.0a0'
    openssl: '>=1.1.1l,<1.1.2a'
    readline: '>=8.0,<9.0a0'
    sqlite: '>=3.36.0,<4.0a0'
    tk: '>=8.6.11,<8.7.0a0'
    xz: '>=5.2.5,<6.0a0'
    zlib: '>=1.2.11,<1.3.0a0'
  hash:
    md5: 49d2e90d9f887158ca16b06c79f86584
    sha256: 5a86e6c8cab8ba1a7a5117566152ec66a223b8beef2d117d7b2aba220ee907c3
  manager: conda
  name: python
  optional: false
  platform: osx-64
  url: https://repo.anaconda.com/pkgs/main/osx-64/python-3.8.12-h88f2d9e_0.conda
  version: 3.8.12
- category: main
  dependencies: {}
  hash:
    md5: fa697ecaca74bdf72bd0a10e42a2287a
    sha256: be3ad99669577b0ebb536b1681728643c66230c8f221459882b98faf17d83b08
  manager: conda
  name: libcxx
  optional: false
  platform: osx-64
  url: https://repo.anaconda.com/pkgs/main/osx-64/libcxx-12.0.0-h2f01273_0.conda
  version: 12.0.0
- category: main
  dependencies: {}
  hash:
    md5: 32896581ee96215797b753884720e581
    sha256: c0769e31126edd29c8f9bf51f37c31f672ef1c426c89c175a6d0a8b61535a2bb
  manager: conda
  name: ncurses
  optional: false
  platform: osx-64
  url: https://repo.anaconda.com/pkgs/main/osx-64/ncurses-6.3-hca72f7f_2.conda
  version: '6.3'
version: 1
